
Microsoft Visual Studio Solution File, Format Version 12.00
# Visual Studio Version 17
VisualStudioVersion = 17.7.34009.444
MinimumVisualStudioVersion = 10.0.40219.1
Project("{FAE04EC0-301F-11D3-BF4B-00C04F79EFBC}") = "Practica3.EF", "Practica3.EF\Practica3.EF.csproj", "{0C21928B-EB81-41E6-A6DF-C70EDAECC4D9}"
EndProject
Project("{FAE04EC0-301F-11D3-BF4B-00C04F79EFBC}") = "Practica3.EF.Data", "Practica3.EF.Data\Practica3.EF.Data.csproj", "{3C4AE04A-5602-4DE7-B328-6C6E9C2DE71E}"
EndProject
Project("{FAE04EC0-301F-11D3-BF4B-00C04F79EFBC}") = "Practica3.EF.Entities", "Practica3.EF.Entities\Practica3.EF.Entities.csproj", "{F21AF1BD-BCEA-4C9C-B7EC-270619E4DDFB}"
EndProject
Project("{FAE04EC0-301F-11D3-BF4B-00C04F79EFBC}") = "Practica3.EF.Logic", "Practica3.EF.Logic\Practica3.EF.Logic.csproj", "{51B36645-8614-4523-BE6F-B0E8623C8043}"
EndProject
Project("{FAE04EC0-301F-11D3-BF4B-00C04F79EFBC}") = "Practica3.EF.LogicTests", "Practica3.EF.LogicTests\Practica3.EF.LogicTests.csproj", "{1695B394-01DF-414D-8ABE-CB4498367D28}"
EndProject
Project("{FAE04EC0-301F-11D3-BF4B-00C04F79EFBC}") = "Practica5.MVC", "Practica5.MVC\Practica5.MVC.csproj", "{098BDA1F-EA1F-44B6-996C-233A344EF623}"
EndProject
Global
	GlobalSection(SolutionConfigurationPlatforms) = preSolution
		Debug|Any CPU = Debug|Any CPU
		Release|Any CPU = Release|Any CPU
	EndGlobalSection
	GlobalSection(ProjectConfigurationPlatforms) = postSolution
		{0C21928B-EB81-41E6-A6DF-C70EDAECC4D9}.Debug|Any CPU.ActiveCfg = Debug|Any CPU
		{0C21928B-EB81-41E6-A6DF-C70EDAECC4D9}.Debug|Any CPU.Build.0 = Debug|Any CPU
		{0C21928B-EB81-41E6-A6DF-C70EDAECC4D9}.Release|Any CPU.ActiveCfg = Release|Any CPU
		{0C21928B-EB81-41E6-A6DF-C70EDAECC4D9}.Release|Any CPU.Build.0 = Release|Any CPU
		{3C4AE04A-5602-4DE7-B328-6C6E9C2DE71E}.Debug|Any CPU.ActiveCfg = Debug|Any CPU
		{3C4AE04A-5602-4DE7-B328-6C6E9C2DE71E}.Debug|Any CPU.Build.0 = Debug|Any CPU
		{3C4AE04A-5602-4DE7-B328-6C6E9C2DE71E}.Release|Any CPU.ActiveCfg = Release|Any CPU
		{3C4AE04A-5602-4DE7-B328-6C6E9C2DE71E}.Release|Any CPU.Build.0 = Release|Any CPU
		{F21AF1BD-BCEA-4C9C-B7EC-270619E4DDFB}.Debug|Any CPU.ActiveCfg = Debug|Any CPU
		{F21AF1BD-BCEA-4C9C-B7EC-270619E4DDFB}.Debug|Any CPU.Build.0 = Debug|Any CPU
		{F21AF1BD-BCEA-4C9C-B7EC-270619E4DDFB}.Release|Any CPU.ActiveCfg = Release|Any CPU
		{F21AF1BD-BCEA-4C9C-B7EC-270619E4DDFB}.Release|Any CPU.Build.0 = Release|Any CPU
		{51B36645-8614-4523-BE6F-B0E8623C8043}.Debug|Any CPU.ActiveCfg = Debug|Any CPU
		{51B36645-8614-4523-BE6F-B0E8623C8043}.Debug|Any CPU.Build.0 = Debug|Any CPU
		{51B36645-8614-4523-BE6F-B0E8623C8043}.Release|Any CPU.ActiveCfg = Release|Any CPU
		{51B36645-8614-4523-BE6F-B0E8623C8043}.Release|Any CPU.Build.0 = Release|Any CPU
		{1695B394-01DF-414D-8ABE-CB4498367D28}.Debug|Any CPU.ActiveCfg = Debug|Any CPU
		{1695B394-01DF-414D-8ABE-CB4498367D28}.Debug|Any CPU.Build.0 = Debug|Any CPU
		{1695B394-01DF-414D-8ABE-CB4498367D28}.Release|Any CPU.ActiveCfg = Release|Any CPU
		{1695B394-01DF-414D-8ABE-CB4498367D28}.Release|Any CPU.Build.0 = Release|Any CPU
		{098BDA1F-EA1F-44B6-996C-233A344EF623}.Debug|Any CPU.ActiveCfg = Debug|Any CPU
		{098BDA1F-EA1F-44B6-996C-233A344EF623}.Debug|Any CPU.Build.0 = Debug|Any CPU
		{098BDA1F-EA1F-44B6-996C-233A344EF623}.Release|Any CPU.ActiveCfg = Release|Any CPU
		{098BDA1F-EA1F-44B6-996C-233A344EF623}.Release|Any CPU.Build.0 = Release|Any CPU
	EndGlobalSection
	GlobalSection(SolutionProperties) = preSolution
		HideSolutionNode = FALSE
	EndGlobalSection
	GlobalSection(ExtensibilityGlobals) = postSolution
		SolutionGuid = {97C260CD-44E4-4B22-856C-407A7A024D20}
	EndGlobalSection
EndGlobal
