
Microsoft Visual Studio Solution File, Format Version 12.00
# Visual Studio Version 17
VisualStudioVersion = 17.7.34009.444
MinimumVisualStudioVersion = 10.0.40219.1
Project("{FAE04EC0-301F-11D3-BF4B-00C04F79EFBC}") = "Practica4.LQ", "Practica4.LQ\Practica4.LQ.csproj", "{E66A21F7-D721-42C5-B931-FC2E32B38CAD}"
EndProject
Project("{FAE04EC0-301F-11D3-BF4B-00C04F79EFBC}") = "Practica4.LQ.Data", "Practica4.LQ.Data\Practica4.LQ.Data.csproj", "{4C8BC2F8-E84A-4D3B-AD64-B5582EC59602}"
EndProject
Project("{FAE04EC0-301F-11D3-BF4B-00C04F79EFBC}") = "Practica4.LQ.Entities", "Practica4.LQ.Entities\Practica4.LQ.Entities.csproj", "{701D954D-A38B-417F-BE0B-58346BA23E8F}"
EndProject
Project("{FAE04EC0-301F-11D3-BF4B-00C04F79EFBC}") = "Practica4.LQ.Logic", "Practica4.LQ.Logic\Practica4.LQ.Logic.csproj", "{2FC800FD-491F-4D16-8DFB-987F8DBCD87E}"
EndProject
Global
	GlobalSection(SolutionConfigurationPlatforms) = preSolution
		Debug|Any CPU = Debug|Any CPU
		Release|Any CPU = Release|Any CPU
	EndGlobalSection
	GlobalSection(ProjectConfigurationPlatforms) = postSolution
		{E66A21F7-D721-42C5-B931-FC2E32B38CAD}.Debug|Any CPU.ActiveCfg = Debug|Any CPU
		{E66A21F7-D721-42C5-B931-FC2E32B38CAD}.Debug|Any CPU.Build.0 = Debug|Any CPU
		{E66A21F7-D721-42C5-B931-FC2E32B38CAD}.Release|Any CPU.ActiveCfg = Release|Any CPU
		{E66A21F7-D721-42C5-B931-FC2E32B38CAD}.Release|Any CPU.Build.0 = Release|Any CPU
		{4C8BC2F8-E84A-4D3B-AD64-B5582EC59602}.Debug|Any CPU.ActiveCfg = Debug|Any CPU
		{4C8BC2F8-E84A-4D3B-AD64-B5582EC59602}.Debug|Any CPU.Build.0 = Debug|Any CPU
		{4C8BC2F8-E84A-4D3B-AD64-B5582EC59602}.Release|Any CPU.ActiveCfg = Release|Any CPU
		{4C8BC2F8-E84A-4D3B-AD64-B5582EC59602}.Release|Any CPU.Build.0 = Release|Any CPU
		{701D954D-A38B-417F-BE0B-58346BA23E8F}.Debug|Any CPU.ActiveCfg = Debug|Any CPU
		{701D954D-A38B-417F-BE0B-58346BA23E8F}.Debug|Any CPU.Build.0 = Debug|Any CPU
		{701D954D-A38B-417F-BE0B-58346BA23E8F}.Release|Any CPU.ActiveCfg = Release|Any CPU
		{701D954D-A38B-417F-BE0B-58346BA23E8F}.Release|Any CPU.Build.0 = Release|Any CPU
		{2FC800FD-491F-4D16-8DFB-987F8DBCD87E}.Debug|Any CPU.ActiveCfg = Debug|Any CPU
		{2FC800FD-491F-4D16-8DFB-987F8DBCD87E}.Debug|Any CPU.Build.0 = Debug|Any CPU
		{2FC800FD-491F-4D16-8DFB-987F8DBCD87E}.Release|Any CPU.ActiveCfg = Release|Any CPU
		{2FC800FD-491F-4D16-8DFB-987F8DBCD87E}.Release|Any CPU.Build.0 = Release|Any CPU
	EndGlobalSection
	GlobalSection(SolutionProperties) = preSolution
		HideSolutionNode = FALSE
	EndGlobalSection
	GlobalSection(ExtensibilityGlobals) = postSolution
		SolutionGuid = {306F7A9D-169D-4A86-A62D-AD172F901731}
	EndGlobalSection
EndGlobal
